
Microsoft Visual Studio Solution File, Format Version 12.00
# Visual Studio 2012
Project("{FAE04EC0-301F-11D3-BF4B-00C04F79EFBC}") = "HealthcareAppointmentWebApp", "HealthcareAppointmentWebApp\HealthcareAppointmentWebApp.csproj", "{3519AC1C-E5AC-495E-9751-29454115C111}"
EndProject
Project("{FAE04EC0-301F-11D3-BF4B-00C04F79EFBC}") = "DataAccess", "DataAccess\DataAccess.csproj", "{00025586-452A-434C-BD9F-90357A3B63C2}"
EndProject
Project("{FAE04EC0-301F-11D3-BF4B-00C04F79EFBC}") = "NotifyDoctor", "NotifyDoctor\NotifyDoctor.csproj", "{3C54C48F-04F8-4EEA-A1B2-D8BD254C601E}"
EndProject
Global
	GlobalSection(SolutionConfigurationPlatforms) = preSolution
		Debug|Any CPU = Debug|Any CPU
		Release|Any CPU = Release|Any CPU
	EndGlobalSection
	GlobalSection(ProjectConfigurationPlatforms) = postSolution
		{3519AC1C-E5AC-495E-9751-29454115C111}.Debug|Any CPU.ActiveCfg = Debug|Any CPU
		{3519AC1C-E5AC-495E-9751-29454115C111}.Debug|Any CPU.Build.0 = Debug|Any CPU
		{3519AC1C-E5AC-495E-9751-29454115C111}.Release|Any CPU.ActiveCfg = Release|Any CPU
		{3519AC1C-E5AC-495E-9751-29454115C111}.Release|Any CPU.Build.0 = Release|Any CPU
		{00025586-452A-434C-BD9F-90357A3B63C2}.Debug|Any CPU.ActiveCfg = Debug|Any CPU
		{00025586-452A-434C-BD9F-90357A3B63C2}.Debug|Any CPU.Build.0 = Debug|Any CPU
		{00025586-452A-434C-BD9F-90357A3B63C2}.Release|Any CPU.ActiveCfg = Release|Any CPU
		{00025586-452A-434C-BD9F-90357A3B63C2}.Release|Any CPU.Build.0 = Release|Any CPU
		{3C54C48F-04F8-4EEA-A1B2-D8BD254C601E}.Debug|Any CPU.ActiveCfg = Debug|Any CPU
		{3C54C48F-04F8-4EEA-A1B2-D8BD254C601E}.Debug|Any CPU.Build.0 = Debug|Any CPU
		{3C54C48F-04F8-4EEA-A1B2-D8BD254C601E}.Release|Any CPU.ActiveCfg = Release|Any CPU
		{3C54C48F-04F8-4EEA-A1B2-D8BD254C601E}.Release|Any CPU.Build.0 = Release|Any CPU
	EndGlobalSection
	GlobalSection(SolutionProperties) = preSolution
		HideSolutionNode = FALSE
	EndGlobalSection
EndGlobal
